// !$*UTF8*$!
{
	archiveVersion = 1;
	classes = {
	};
	objectVersion = 52;
	objects = {

/* Begin PBXBuildFile section */
		7D9200343796E1183C53E6FC /* Pods_FriendsCard_FriendsCardUITests.framework in Frameworks */ = {isa = PBXBuildFile; fileRef = CB58595722682EA78367995E /* Pods_FriendsCard_FriendsCardUITests.framework */; };
		B120E6B7250752CA00CBB2CE /* NavigationStack in Frameworks */ = {isa = PBXBuildFile; productRef = B120E6B6250752CA00CBB2CE /* NavigationStack */; };
		B1224BCC24F9BF8E00B9FBE8 /* Lottie in Frameworks */ = {isa = PBXBuildFile; productRef = B1224BCB24F9BF8E00B9FBE8 /* Lottie */; };
		B1224BCF24F9BFFA00B9FBE8 /* URLImage in Frameworks */ = {isa = PBXBuildFile; productRef = B1224BCE24F9BFFA00B9FBE8 /* URLImage */; };
		B1224BD224F9C51B00B9FBE8 /* Alamofire in Frameworks */ = {isa = PBXBuildFile; productRef = B1224BD124F9C51B00B9FBE8 /* Alamofire */; };
		B1224BD524F9C55600B9FBE8 /* SwiftyJSON in Frameworks */ = {isa = PBXBuildFile; productRef = B1224BD424F9C55600B9FBE8 /* SwiftyJSON */; };
		B151A2742508F60700534657 /* Badge.swift in Sources */ = {isa = PBXBuildFile; fileRef = B151A2732508F60700534657 /* Badge.swift */; };
		B151A2772508F8FB00534657 /* ClassCells.swift in Sources */ = {isa = PBXBuildFile; fileRef = B151A2762508F8FB00534657 /* ClassCells.swift */; };
		B151A2792508FCD800534657 /* BottomNavigationView.swift in Sources */ = {isa = PBXBuildFile; fileRef = B151A2782508FCD800534657 /* BottomNavigationView.swift */; };
		B151A27C250984FF00534657 /* RootView.swift in Sources */ = {isa = PBXBuildFile; fileRef = B151A27B250984FF00534657 /* RootView.swift */; };
		B151A27F250A036C00534657 /* PollCell.swift in Sources */ = {isa = PBXBuildFile; fileRef = B151A27E250A036C00534657 /* PollCell.swift */; };
		B151A285250A500500534657 /* ClassesView.swift in Sources */ = {isa = PBXBuildFile; fileRef = B151A284250A500500534657 /* ClassesView.swift */; };
		B151A288250A5E6500534657 /* ProblemsView.swift in Sources */ = {isa = PBXBuildFile; fileRef = B151A287250A5E6500534657 /* ProblemsView.swift */; };
		B156557924F70E9100FEAA70 /* FriendsCardTests.swift in Sources */ = {isa = PBXBuildFile; fileRef = B156557824F70E9100FEAA70 /* FriendsCardTests.swift */; };
		B156558424F70E9100FEAA70 /* FriendsCardUITests.swift in Sources */ = {isa = PBXBuildFile; fileRef = B156558324F70E9100FEAA70 /* FriendsCardUITests.swift */; };
		B17632952500A8F00074922F /* Observers.swift in Sources */ = {isa = PBXBuildFile; fileRef = B17632942500A8F00074922F /* Observers.swift */; };
		B17632972501FA450074922F /* ContactStore.swift in Sources */ = {isa = PBXBuildFile; fileRef = B17632962501FA450074922F /* ContactStore.swift */; };
		B17868C32511C534008D51C3 /* LecturesView.swift in Sources */ = {isa = PBXBuildFile; fileRef = B17868C22511C534008D51C3 /* LecturesView.swift */; };
		B1810D8D2514230E0060E001 /* CollaborationView.swift in Sources */ = {isa = PBXBuildFile; fileRef = B1810D8C2514230E0060E001 /* CollaborationView.swift */; };
		B1810D8F2514231D0060E001 /* SeePeopleView.swift in Sources */ = {isa = PBXBuildFile; fileRef = B1810D8E2514231D0060E001 /* SeePeopleView.swift */; };
		B1810D92251423300060E001 /* AddTagsView.swift in Sources */ = {isa = PBXBuildFile; fileRef = B1810D91251423300060E001 /* AddTagsView.swift */; };
		B1810D942514587C0060E001 /* BroadcastCell.swift in Sources */ = {isa = PBXBuildFile; fileRef = B1810D932514587C0060E001 /* BroadcastCell.swift */; };
		B1BA453E24FB84E200E14C27 /* LeaderCell.swift in Sources */ = {isa = PBXBuildFile; fileRef = B1BA450824FB84E200E14C27 /* LeaderCell.swift */; };
		B1BA453F24FB84E200E14C27 /* SelectionCell.swift in Sources */ = {isa = PBXBuildFile; fileRef = B1BA450924FB84E200E14C27 /* SelectionCell.swift */; };
		B1BA454024FB84E200E14C27 /* StatusCell.swift in Sources */ = {isa = PBXBuildFile; fileRef = B1BA450A24FB84E200E14C27 /* StatusCell.swift */; };
		B1BA454124FB84E200E14C27 /* InviteCell.swift in Sources */ = {isa = PBXBuildFile; fileRef = B1BA450B24FB84E200E14C27 /* InviteCell.swift */; };
		B1BA454224FB84E200E14C27 /* loading.json in Resources */ = {isa = PBXBuildFile; fileRef = B1BA450D24FB84E200E14C27 /* loading.json */; };
		B1BA454324FB84E200E14C27 /* LottieView.swift in Sources */ = {isa = PBXBuildFile; fileRef = B1BA450E24FB84E200E14C27 /* LottieView.swift */; };
		B1BA454424FB84E200E14C27 /* LoadingView.swift in Sources */ = {isa = PBXBuildFile; fileRef = B1BA450F24FB84E200E14C27 /* LoadingView.swift */; };
		B1BA454524FB84E200E14C27 /* TextFields.swift in Sources */ = {isa = PBXBuildFile; fileRef = B1BA451124FB84E200E14C27 /* TextFields.swift */; };
		B1BA454624FB84E200E14C27 /* Buttons.swift in Sources */ = {isa = PBXBuildFile; fileRef = B1BA451224FB84E200E14C27 /* Buttons.swift */; };
		B1BA454724FB84E200E14C27 /* Toggles.swift in Sources */ = {isa = PBXBuildFile; fileRef = B1BA451324FB84E200E14C27 /* Toggles.swift */; };
		B1BA454824FB84E200E14C27 /* Images.swift in Sources */ = {isa = PBXBuildFile; fileRef = B1BA451424FB84E200E14C27 /* Images.swift */; };
		B1BA454924FB84E200E14C27 /* HorizontalLabel.swift in Sources */ = {isa = PBXBuildFile; fileRef = B1BA451524FB84E200E14C27 /* HorizontalLabel.swift */; };
		B1BA454A24FB84E200E14C27 /* Banner.swift in Sources */ = {isa = PBXBuildFile; fileRef = B1BA451624FB84E200E14C27 /* Banner.swift */; };
		B1BA454B24FB84E200E14C27 /* Search.swift in Sources */ = {isa = PBXBuildFile; fileRef = B1BA451724FB84E200E14C27 /* Search.swift */; };
		B1BA454C24FB84E200E14C27 /* TopNavigationView.swift in Sources */ = {isa = PBXBuildFile; fileRef = B1BA451924FB84E200E14C27 /* TopNavigationView.swift */; };
		B1BA454D24FB84E200E14C27 /* Typography.swift in Sources */ = {isa = PBXBuildFile; fileRef = B1BA451B24FB84E200E14C27 /* Typography.swift */; };
		B1BA454E24FB84E200E14C27 /* Space.swift in Sources */ = {isa = PBXBuildFile; fileRef = B1BA451C24FB84E200E14C27 /* Space.swift */; };
		B1BA454F24FB84E200E14C27 /* Palette.swift in Sources */ = {isa = PBXBuildFile; fileRef = B1BA451D24FB84E200E14C27 /* Palette.swift */; };
		B1BA455024FB84E200E14C27 /* ColorPalette.xcassets in Resources */ = {isa = PBXBuildFile; fileRef = B1BA451E24FB84E200E14C27 /* ColorPalette.xcassets */; };
		B1BA455124FB84E200E14C27 /* Extensions.swift in Sources */ = {isa = PBXBuildFile; fileRef = B1BA451F24FB84E200E14C27 /* Extensions.swift */; };
		B1BA455224FB84E200E14C27 /* Gradient.swift in Sources */ = {isa = PBXBuildFile; fileRef = B1BA452124FB84E200E14C27 /* Gradient.swift */; };
		B1BA455324FB84E200E14C27 /* Devices.swift in Sources */ = {isa = PBXBuildFile; fileRef = B1BA452224FB84E200E14C27 /* Devices.swift */; };
		B1BA455424FB84E200E14C27 /* DMSans-Regular.ttf in Resources */ = {isa = PBXBuildFile; fileRef = B1BA452424FB84E200E14C27 /* DMSans-Regular.ttf */; };
		B1BA455524FB84E200E14C27 /* DMSans-Medium.ttf in Resources */ = {isa = PBXBuildFile; fileRef = B1BA452524FB84E200E14C27 /* DMSans-Medium.ttf */; };
		B1BA455624FB84E200E14C27 /* DMSans-Bold.ttf in Resources */ = {isa = PBXBuildFile; fileRef = B1BA452624FB84E200E14C27 /* DMSans-Bold.ttf */; };
		B1BA455724FB84E200E14C27 /* DMSerifDisplay-Italic.ttf in Resources */ = {isa = PBXBuildFile; fileRef = B1BA452724FB84E200E14C27 /* DMSerifDisplay-Italic.ttf */; };
		B1BA455824FB84E200E14C27 /* DMSans-BoldItalic.ttf in Resources */ = {isa = PBXBuildFile; fileRef = B1BA452824FB84E200E14C27 /* DMSans-BoldItalic.ttf */; };
		B1BA455924FB84E200E14C27 /* DMSerifDisplay-Regular.ttf in Resources */ = {isa = PBXBuildFile; fileRef = B1BA452924FB84E200E14C27 /* DMSerifDisplay-Regular.ttf */; };
		B1BA455A24FB84E200E14C27 /* DMSans-MediumItalic.ttf in Resources */ = {isa = PBXBuildFile; fileRef = B1BA452A24FB84E200E14C27 /* DMSans-MediumItalic.ttf */; };
		B1BA455B24FB84E200E14C27 /* DMSans-Italic.ttf in Resources */ = {isa = PBXBuildFile; fileRef = B1BA452B24FB84E200E14C27 /* DMSans-Italic.ttf */; };
		B1BA455C24FB84E200E14C27 /* CornerRadius.swift in Sources */ = {isa = PBXBuildFile; fileRef = B1BA452C24FB84E200E14C27 /* CornerRadius.swift */; };
		B1BA455D24FB84E200E14C27 /* Assets.xcassets in Resources */ = {isa = PBXBuildFile; fileRef = B1BA452D24FB84E200E14C27 /* Assets.xcassets */; };
		B1BA455E24FB84E200E14C27 /* HomeView.swift in Sources */ = {isa = PBXBuildFile; fileRef = B1BA452E24FB84E200E14C27 /* HomeView.swift */; };
		B1BA455F24FB84E200E14C27 /* Preview Assets.xcassets in Resources */ = {isa = PBXBuildFile; fileRef = B1BA453024FB84E200E14C27 /* Preview Assets.xcassets */; };
		B1BA456024FB84E200E14C27 /* LaunchScreen.storyboard in Resources */ = {isa = PBXBuildFile; fileRef = B1BA453124FB84E200E14C27 /* LaunchScreen.storyboard */; };
		B1BA456124FB84E200E14C27 /* ChooseCloseFriends.swift in Sources */ = {isa = PBXBuildFile; fileRef = B1BA453324FB84E200E14C27 /* ChooseCloseFriends.swift */; };
		B1BA456224FB84E200E14C27 /* ReminderView.swift in Sources */ = {isa = PBXBuildFile; fileRef = B1BA453524FB84E200E14C27 /* ReminderView.swift */; };
		B1BA456324FB84E200E14C27 /* ActivityView.swift in Sources */ = {isa = PBXBuildFile; fileRef = B1BA453624FB84E200E14C27 /* ActivityView.swift */; };
		B1BA456424FB84E200E14C27 /* CloseFriends.swift in Sources */ = {isa = PBXBuildFile; fileRef = B1BA453824FB84E200E14C27 /* CloseFriends.swift */; };
		B1BA456524FB84E200E14C27 /* AppDelegate.swift in Sources */ = {isa = PBXBuildFile; fileRef = B1BA453924FB84E200E14C27 /* AppDelegate.swift */; };
		B1BA456624FB84E200E14C27 /* GoogleDelegate.swift in Sources */ = {isa = PBXBuildFile; fileRef = B1BA453A24FB84E200E14C27 /* GoogleDelegate.swift */; };
		B1BA456724FB84E200E14C27 /* PermissionsView.swift in Sources */ = {isa = PBXBuildFile; fileRef = B1BA453B24FB84E200E14C27 /* PermissionsView.swift */; };
		B1BA456924FB84E200E14C27 /* SceneDelegate.swift in Sources */ = {isa = PBXBuildFile; fileRef = B1BA453D24FB84E200E14C27 /* SceneDelegate.swift */; };
		B1BA456B24FBBFDF00E14C27 /* ReminderCell.swift in Sources */ = {isa = PBXBuildFile; fileRef = B1BA456A24FBBFDF00E14C27 /* ReminderCell.swift */; };
		B1D0978B2505BFA90048286B /* PhoneNumberView.swift in Sources */ = {isa = PBXBuildFile; fileRef = B1D0978A2505BFA90048286B /* PhoneNumberView.swift */; };
		B1EE973825122DC200655F03 /* LecturePollsView.swift in Sources */ = {isa = PBXBuildFile; fileRef = B1EE973725122DC200655F03 /* LecturePollsView.swift */; };
		BF6F9A9ED90EB555D3F17242 /* Pods_FriendsCardTests.framework in Frameworks */ = {isa = PBXBuildFile; fileRef = D3B1E9E16A4B2C32691086E3 /* Pods_FriendsCardTests.framework */; };
		DA15E0E9542FFF0BCA02A8C0 /* Pods_FriendsCard.framework in Frameworks */ = {isa = PBXBuildFile; fileRef = 41FC9E0145FCE6E5FB172BEF /* Pods_FriendsCard.framework */; };
/* End PBXBuildFile section */

/* Begin PBXContainerItemProxy section */
		B156557524F70E9100FEAA70 /* PBXContainerItemProxy */ = {
			isa = PBXContainerItemProxy;
			containerPortal = B156555624F70E8D00FEAA70 /* Project object */;
			proxyType = 1;
			remoteGlobalIDString = B156555D24F70E8D00FEAA70;
			remoteInfo = FriendsCard;
		};
		B156558024F70E9100FEAA70 /* PBXContainerItemProxy */ = {
			isa = PBXContainerItemProxy;
			containerPortal = B156555624F70E8D00FEAA70 /* Project object */;
			proxyType = 1;
			remoteGlobalIDString = B156555D24F70E8D00FEAA70;
			remoteInfo = FriendsCard;
		};
/* End PBXContainerItemProxy section */

/* Begin PBXFileReference section */
		3184AF450FD6D67262145604 /* Pods-FriendsCardTests.debug.xcconfig */ = {isa = PBXFileReference; includeInIndex = 1; lastKnownFileType = text.xcconfig; name = "Pods-FriendsCardTests.debug.xcconfig"; path = "Target Support Files/Pods-FriendsCardTests/Pods-FriendsCardTests.debug.xcconfig"; sourceTree = "<group>"; };
		41FC9E0145FCE6E5FB172BEF /* Pods_FriendsCard.framework */ = {isa = PBXFileReference; explicitFileType = wrapper.framework; includeInIndex = 0; path = Pods_FriendsCard.framework; sourceTree = BUILT_PRODUCTS_DIR; };
		5EED5B784AFA4106B8AE80A7 /* Pods-FriendsCard.debug.xcconfig */ = {isa = PBXFileReference; includeInIndex = 1; lastKnownFileType = text.xcconfig; name = "Pods-FriendsCard.debug.xcconfig"; path = "Target Support Files/Pods-FriendsCard/Pods-FriendsCard.debug.xcconfig"; sourceTree = "<group>"; };
		7ED19E6EC5DF82F6E55198DE /* Pods-FriendsCard-FriendsCardUITests.release.xcconfig */ = {isa = PBXFileReference; includeInIndex = 1; lastKnownFileType = text.xcconfig; name = "Pods-FriendsCard-FriendsCardUITests.release.xcconfig"; path = "Target Support Files/Pods-FriendsCard-FriendsCardUITests/Pods-FriendsCard-FriendsCardUITests.release.xcconfig"; sourceTree = "<group>"; };
		A1F23F3629F2C31C4DC008B7 /* Pods-FriendsCardTests.release.xcconfig */ = {isa = PBXFileReference; includeInIndex = 1; lastKnownFileType = text.xcconfig; name = "Pods-FriendsCardTests.release.xcconfig"; path = "Target Support Files/Pods-FriendsCardTests/Pods-FriendsCardTests.release.xcconfig"; sourceTree = "<group>"; };
		B151A2732508F60700534657 /* Badge.swift */ = {isa = PBXFileReference; lastKnownFileType = sourcecode.swift; path = Badge.swift; sourceTree = "<group>"; };
		B151A2762508F8FB00534657 /* ClassCells.swift */ = {isa = PBXFileReference; lastKnownFileType = sourcecode.swift; path = ClassCells.swift; sourceTree = "<group>"; };
		B151A2782508FCD800534657 /* BottomNavigationView.swift */ = {isa = PBXFileReference; lastKnownFileType = sourcecode.swift; path = BottomNavigationView.swift; sourceTree = "<group>"; };
		B151A27B250984FF00534657 /* RootView.swift */ = {isa = PBXFileReference; lastKnownFileType = sourcecode.swift; path = RootView.swift; sourceTree = "<group>"; };
		B151A27E250A036C00534657 /* PollCell.swift */ = {isa = PBXFileReference; lastKnownFileType = sourcecode.swift; path = PollCell.swift; sourceTree = "<group>"; };
		B151A284250A500500534657 /* ClassesView.swift */ = {isa = PBXFileReference; lastKnownFileType = sourcecode.swift; path = ClassesView.swift; sourceTree = "<group>"; };
		B151A287250A5E6500534657 /* ProblemsView.swift */ = {isa = PBXFileReference; lastKnownFileType = sourcecode.swift; path = ProblemsView.swift; sourceTree = "<group>"; };
		B156555E24F70E8D00FEAA70 /* Iris.app */ = {isa = PBXFileReference; explicitFileType = wrapper.application; includeInIndex = 0; path = Iris.app; sourceTree = BUILT_PRODUCTS_DIR; };
		B156557424F70E9100FEAA70 /* FriendsCardTests.xctest */ = {isa = PBXFileReference; explicitFileType = wrapper.cfbundle; includeInIndex = 0; path = FriendsCardTests.xctest; sourceTree = BUILT_PRODUCTS_DIR; };
		B156557824F70E9100FEAA70 /* FriendsCardTests.swift */ = {isa = PBXFileReference; lastKnownFileType = sourcecode.swift; path = FriendsCardTests.swift; sourceTree = "<group>"; };
		B156557A24F70E9100FEAA70 /* Info.plist */ = {isa = PBXFileReference; lastKnownFileType = text.plist.xml; path = Info.plist; sourceTree = "<group>"; };
		B156557F24F70E9100FEAA70 /* FriendsCardUITests.xctest */ = {isa = PBXFileReference; explicitFileType = wrapper.cfbundle; includeInIndex = 0; path = FriendsCardUITests.xctest; sourceTree = BUILT_PRODUCTS_DIR; };
		B156558324F70E9100FEAA70 /* FriendsCardUITests.swift */ = {isa = PBXFileReference; lastKnownFileType = sourcecode.swift; path = FriendsCardUITests.swift; sourceTree = "<group>"; };
		B156558524F70E9100FEAA70 /* Info.plist */ = {isa = PBXFileReference; lastKnownFileType = text.plist.xml; path = Info.plist; sourceTree = "<group>"; };
		B17632942500A8F00074922F /* Observers.swift */ = {isa = PBXFileReference; lastKnownFileType = sourcecode.swift; path = Observers.swift; sourceTree = "<group>"; };
		B17632962501FA450074922F /* ContactStore.swift */ = {isa = PBXFileReference; lastKnownFileType = sourcecode.swift; path = ContactStore.swift; sourceTree = "<group>"; };
		B17868C22511C534008D51C3 /* LecturesView.swift */ = {isa = PBXFileReference; lastKnownFileType = sourcecode.swift; path = LecturesView.swift; sourceTree = "<group>"; };
		B1810D8C2514230E0060E001 /* CollaborationView.swift */ = {isa = PBXFileReference; lastKnownFileType = sourcecode.swift; path = CollaborationView.swift; sourceTree = "<group>"; };
		B1810D8E2514231D0060E001 /* SeePeopleView.swift */ = {isa = PBXFileReference; lastKnownFileType = sourcecode.swift; path = SeePeopleView.swift; sourceTree = "<group>"; };
		B1810D91251423300060E001 /* AddTagsView.swift */ = {isa = PBXFileReference; lastKnownFileType = sourcecode.swift; path = AddTagsView.swift; sourceTree = "<group>"; };
		B1810D932514587C0060E001 /* BroadcastCell.swift */ = {isa = PBXFileReference; lastKnownFileType = sourcecode.swift; path = BroadcastCell.swift; sourceTree = "<group>"; };
		B1BA450824FB84E200E14C27 /* LeaderCell.swift */ = {isa = PBXFileReference; fileEncoding = 4; lastKnownFileType = sourcecode.swift; path = LeaderCell.swift; sourceTree = "<group>"; };
		B1BA450924FB84E200E14C27 /* SelectionCell.swift */ = {isa = PBXFileReference; fileEncoding = 4; lastKnownFileType = sourcecode.swift; path = SelectionCell.swift; sourceTree = "<group>"; };
		B1BA450A24FB84E200E14C27 /* StatusCell.swift */ = {isa = PBXFileReference; fileEncoding = 4; lastKnownFileType = sourcecode.swift; path = StatusCell.swift; sourceTree = "<group>"; };
		B1BA450B24FB84E200E14C27 /* InviteCell.swift */ = {isa = PBXFileReference; fileEncoding = 4; lastKnownFileType = sourcecode.swift; path = InviteCell.swift; sourceTree = "<group>"; };
		B1BA450D24FB84E200E14C27 /* loading.json */ = {isa = PBXFileReference; fileEncoding = 4; lastKnownFileType = text.json; path = loading.json; sourceTree = "<group>"; };
		B1BA450E24FB84E200E14C27 /* LottieView.swift */ = {isa = PBXFileReference; fileEncoding = 4; lastKnownFileType = sourcecode.swift; path = LottieView.swift; sourceTree = "<group>"; };
		B1BA450F24FB84E200E14C27 /* LoadingView.swift */ = {isa = PBXFileReference; fileEncoding = 4; lastKnownFileType = sourcecode.swift; path = LoadingView.swift; sourceTree = "<group>"; };
		B1BA451124FB84E200E14C27 /* TextFields.swift */ = {isa = PBXFileReference; fileEncoding = 4; lastKnownFileType = sourcecode.swift; path = TextFields.swift; sourceTree = "<group>"; };
		B1BA451224FB84E200E14C27 /* Buttons.swift */ = {isa = PBXFileReference; fileEncoding = 4; lastKnownFileType = sourcecode.swift; path = Buttons.swift; sourceTree = "<group>"; };
		B1BA451324FB84E200E14C27 /* Toggles.swift */ = {isa = PBXFileReference; fileEncoding = 4; lastKnownFileType = sourcecode.swift; path = Toggles.swift; sourceTree = "<group>"; };
		B1BA451424FB84E200E14C27 /* Images.swift */ = {isa = PBXFileReference; fileEncoding = 4; lastKnownFileType = sourcecode.swift; path = Images.swift; sourceTree = "<group>"; };
		B1BA451524FB84E200E14C27 /* HorizontalLabel.swift */ = {isa = PBXFileReference; fileEncoding = 4; lastKnownFileType = sourcecode.swift; path = HorizontalLabel.swift; sourceTree = "<group>"; };
		B1BA451624FB84E200E14C27 /* Banner.swift */ = {isa = PBXFileReference; fileEncoding = 4; lastKnownFileType = sourcecode.swift; path = Banner.swift; sourceTree = "<group>"; };
		B1BA451724FB84E200E14C27 /* Search.swift */ = {isa = PBXFileReference; fileEncoding = 4; lastKnownFileType = sourcecode.swift; path = Search.swift; sourceTree = "<group>"; };
		B1BA451924FB84E200E14C27 /* TopNavigationView.swift */ = {isa = PBXFileReference; fileEncoding = 4; lastKnownFileType = sourcecode.swift; path = TopNavigationView.swift; sourceTree = "<group>"; };
		B1BA451B24FB84E200E14C27 /* Typography.swift */ = {isa = PBXFileReference; fileEncoding = 4; lastKnownFileType = sourcecode.swift; path = Typography.swift; sourceTree = "<group>"; };
		B1BA451C24FB84E200E14C27 /* Space.swift */ = {isa = PBXFileReference; fileEncoding = 4; lastKnownFileType = sourcecode.swift; path = Space.swift; sourceTree = "<group>"; };
		B1BA451D24FB84E200E14C27 /* Palette.swift */ = {isa = PBXFileReference; fileEncoding = 4; lastKnownFileType = sourcecode.swift; path = Palette.swift; sourceTree = "<group>"; };
		B1BA451E24FB84E200E14C27 /* ColorPalette.xcassets */ = {isa = PBXFileReference; lastKnownFileType = folder.assetcatalog; path = ColorPalette.xcassets; sourceTree = "<group>"; };
		B1BA451F24FB84E200E14C27 /* Extensions.swift */ = {isa = PBXFileReference; fileEncoding = 4; lastKnownFileType = sourcecode.swift; path = Extensions.swift; sourceTree = "<group>"; };
		B1BA452124FB84E200E14C27 /* Gradient.swift */ = {isa = PBXFileReference; fileEncoding = 4; lastKnownFileType = sourcecode.swift; path = Gradient.swift; sourceTree = "<group>"; };
		B1BA452224FB84E200E14C27 /* Devices.swift */ = {isa = PBXFileReference; fileEncoding = 4; lastKnownFileType = sourcecode.swift; path = Devices.swift; sourceTree = "<group>"; };
		B1BA452424FB84E200E14C27 /* DMSans-Regular.ttf */ = {isa = PBXFileReference; lastKnownFileType = file; path = "DMSans-Regular.ttf"; sourceTree = "<group>"; };
		B1BA452524FB84E200E14C27 /* DMSans-Medium.ttf */ = {isa = PBXFileReference; lastKnownFileType = file; path = "DMSans-Medium.ttf"; sourceTree = "<group>"; };
		B1BA452624FB84E200E14C27 /* DMSans-Bold.ttf */ = {isa = PBXFileReference; lastKnownFileType = file; path = "DMSans-Bold.ttf"; sourceTree = "<group>"; };
		B1BA452724FB84E200E14C27 /* DMSerifDisplay-Italic.ttf */ = {isa = PBXFileReference; lastKnownFileType = file; path = "DMSerifDisplay-Italic.ttf"; sourceTree = "<group>"; };
		B1BA452824FB84E200E14C27 /* DMSans-BoldItalic.ttf */ = {isa = PBXFileReference; lastKnownFileType = file; path = "DMSans-BoldItalic.ttf"; sourceTree = "<group>"; };
		B1BA452924FB84E200E14C27 /* DMSerifDisplay-Regular.ttf */ = {isa = PBXFileReference; lastKnownFileType = file; path = "DMSerifDisplay-Regular.ttf"; sourceTree = "<group>"; };
		B1BA452A24FB84E200E14C27 /* DMSans-MediumItalic.ttf */ = {isa = PBXFileReference; lastKnownFileType = file; path = "DMSans-MediumItalic.ttf"; sourceTree = "<group>"; };
		B1BA452B24FB84E200E14C27 /* DMSans-Italic.ttf */ = {isa = PBXFileReference; lastKnownFileType = file; path = "DMSans-Italic.ttf"; sourceTree = "<group>"; };
		B1BA452C24FB84E200E14C27 /* CornerRadius.swift */ = {isa = PBXFileReference; fileEncoding = 4; lastKnownFileType = sourcecode.swift; path = CornerRadius.swift; sourceTree = "<group>"; };
		B1BA452D24FB84E200E14C27 /* Assets.xcassets */ = {isa = PBXFileReference; lastKnownFileType = folder.assetcatalog; path = Assets.xcassets; sourceTree = "<group>"; };
		B1BA452E24FB84E200E14C27 /* HomeView.swift */ = {isa = PBXFileReference; fileEncoding = 4; lastKnownFileType = sourcecode.swift; path = HomeView.swift; sourceTree = "<group>"; };
		B1BA453024FB84E200E14C27 /* Preview Assets.xcassets */ = {isa = PBXFileReference; lastKnownFileType = folder.assetcatalog; path = "Preview Assets.xcassets"; sourceTree = "<group>"; };
		B1BA453224FB84E200E14C27 /* Base */ = {isa = PBXFileReference; lastKnownFileType = file.storyboard; name = Base; path = Base.lproj/LaunchScreen.storyboard; sourceTree = "<group>"; };
		B1BA453324FB84E200E14C27 /* ChooseCloseFriends.swift */ = {isa = PBXFileReference; fileEncoding = 4; lastKnownFileType = sourcecode.swift; path = ChooseCloseFriends.swift; sourceTree = "<group>"; };
		B1BA453524FB84E200E14C27 /* ReminderView.swift */ = {isa = PBXFileReference; fileEncoding = 4; lastKnownFileType = sourcecode.swift; path = ReminderView.swift; sourceTree = "<group>"; };
		B1BA453624FB84E200E14C27 /* ActivityView.swift */ = {isa = PBXFileReference; fileEncoding = 4; lastKnownFileType = sourcecode.swift; path = ActivityView.swift; sourceTree = "<group>"; };
		B1BA453824FB84E200E14C27 /* CloseFriends.swift */ = {isa = PBXFileReference; fileEncoding = 4; lastKnownFileType = sourcecode.swift; path = CloseFriends.swift; sourceTree = "<group>"; };
		B1BA453924FB84E200E14C27 /* AppDelegate.swift */ = {isa = PBXFileReference; fileEncoding = 4; lastKnownFileType = sourcecode.swift; path = AppDelegate.swift; sourceTree = "<group>"; };
		B1BA453A24FB84E200E14C27 /* GoogleDelegate.swift */ = {isa = PBXFileReference; fileEncoding = 4; lastKnownFileType = sourcecode.swift; path = GoogleDelegate.swift; sourceTree = "<group>"; };
		B1BA453B24FB84E200E14C27 /* PermissionsView.swift */ = {isa = PBXFileReference; fileEncoding = 4; lastKnownFileType = sourcecode.swift; path = PermissionsView.swift; sourceTree = "<group>"; };
		B1BA453C24FB84E200E14C27 /* Info.plist */ = {isa = PBXFileReference; fileEncoding = 4; lastKnownFileType = text.plist.xml; path = Info.plist; sourceTree = "<group>"; };
		B1BA453D24FB84E200E14C27 /* SceneDelegate.swift */ = {isa = PBXFileReference; fileEncoding = 4; lastKnownFileType = sourcecode.swift; path = SceneDelegate.swift; sourceTree = "<group>"; };
		B1BA456A24FBBFDF00E14C27 /* ReminderCell.swift */ = {isa = PBXFileReference; lastKnownFileType = sourcecode.swift; path = ReminderCell.swift; sourceTree = "<group>"; };
		B1D0978A2505BFA90048286B /* PhoneNumberView.swift */ = {isa = PBXFileReference; lastKnownFileType = sourcecode.swift; path = PhoneNumberView.swift; sourceTree = "<group>"; };
		B1EE973725122DC200655F03 /* LecturePollsView.swift */ = {isa = PBXFileReference; lastKnownFileType = sourcecode.swift; path = LecturePollsView.swift; sourceTree = "<group>"; };
		C339F67A235F10B722FC4E01 /* Pods-FriendsCard-FriendsCardUITests.debug.xcconfig */ = {isa = PBXFileReference; includeInIndex = 1; lastKnownFileType = text.xcconfig; name = "Pods-FriendsCard-FriendsCardUITests.debug.xcconfig"; path = "Target Support Files/Pods-FriendsCard-FriendsCardUITests/Pods-FriendsCard-FriendsCardUITests.debug.xcconfig"; sourceTree = "<group>"; };
		CB58595722682EA78367995E /* Pods_FriendsCard_FriendsCardUITests.framework */ = {isa = PBXFileReference; explicitFileType = wrapper.framework; includeInIndex = 0; path = Pods_FriendsCard_FriendsCardUITests.framework; sourceTree = BUILT_PRODUCTS_DIR; };
		CF863636E974E6E60439B531 /* Pods-FriendsCard.release.xcconfig */ = {isa = PBXFileReference; includeInIndex = 1; lastKnownFileType = text.xcconfig; name = "Pods-FriendsCard.release.xcconfig"; path = "Target Support Files/Pods-FriendsCard/Pods-FriendsCard.release.xcconfig"; sourceTree = "<group>"; };
		D3B1E9E16A4B2C32691086E3 /* Pods_FriendsCardTests.framework */ = {isa = PBXFileReference; explicitFileType = wrapper.framework; includeInIndex = 0; path = Pods_FriendsCardTests.framework; sourceTree = BUILT_PRODUCTS_DIR; };
/* End PBXFileReference section */

/* Begin PBXFrameworksBuildPhase section */
		B156555B24F70E8D00FEAA70 /* Frameworks */ = {
			isa = PBXFrameworksBuildPhase;
			buildActionMask = 2147483647;
			files = (
				B1224BD224F9C51B00B9FBE8 /* Alamofire in Frameworks */,
				B120E6B7250752CA00CBB2CE /* NavigationStack in Frameworks */,
				B1224BCF24F9BFFA00B9FBE8 /* URLImage in Frameworks */,
				B1224BD524F9C55600B9FBE8 /* SwiftyJSON in Frameworks */,
				B1224BCC24F9BF8E00B9FBE8 /* Lottie in Frameworks */,
				DA15E0E9542FFF0BCA02A8C0 /* Pods_FriendsCard.framework in Frameworks */,
			);
			runOnlyForDeploymentPostprocessing = 0;
		};
		B156557124F70E9100FEAA70 /* Frameworks */ = {
			isa = PBXFrameworksBuildPhase;
			buildActionMask = 2147483647;
			files = (
				BF6F9A9ED90EB555D3F17242 /* Pods_FriendsCardTests.framework in Frameworks */,
			);
			runOnlyForDeploymentPostprocessing = 0;
		};
		B156557C24F70E9100FEAA70 /* Frameworks */ = {
			isa = PBXFrameworksBuildPhase;
			buildActionMask = 2147483647;
			files = (
				7D9200343796E1183C53E6FC /* Pods_FriendsCard_FriendsCardUITests.framework in Frameworks */,
			);
			runOnlyForDeploymentPostprocessing = 0;
		};
/* End PBXFrameworksBuildPhase section */

/* Begin PBXGroup section */
		572CE7C644B1AA4847AD3298 /* Frameworks */ = {
			isa = PBXGroup;
			children = (
				41FC9E0145FCE6E5FB172BEF /* Pods_FriendsCard.framework */,
				CB58595722682EA78367995E /* Pods_FriendsCard_FriendsCardUITests.framework */,
				D3B1E9E16A4B2C32691086E3 /* Pods_FriendsCardTests.framework */,
			);
			name = Frameworks;
			sourceTree = "<group>";
		};
		B151A280250A4FBA00534657 /* Card Three */ = {
			isa = PBXGroup;
			children = (
				B151A284250A500500534657 /* ClassesView.swift */,
				B151A287250A5E6500534657 /* ProblemsView.swift */,
			);
			path = "Card Three";
			sourceTree = "<group>";
		};
		B151A281250A4FBF00534657 /* Card Four */ = {
			isa = PBXGroup;
			children = (
				B17868C22511C534008D51C3 /* LecturesView.swift */,
				B1EE973725122DC200655F03 /* LecturePollsView.swift */,
			);
			path = "Card Four";
			sourceTree = "<group>";
		};
		B151A282250A4FC500534657 /* Card Five */ = {
			isa = PBXGroup;
			children = (
				B1810D8C2514230E0060E001 /* CollaborationView.swift */,
				B1810D8E2514231D0060E001 /* SeePeopleView.swift */,
				B1810D91251423300060E001 /* AddTagsView.swift */,
			);
			path = "Card Five";
			sourceTree = "<group>";
		};
		B156555524F70E8D00FEAA70 = {
			isa = PBXGroup;
			children = (
				B1BA450524FB84E200E14C27 /* FriendsCard */,
				B156557724F70E9100FEAA70 /* FriendsCardTests */,
				B156558224F70E9100FEAA70 /* FriendsCardUITests */,
				B156555F24F70E8D00FEAA70 /* Products */,
				B201DF89150885B7561AFA30 /* Pods */,
				572CE7C644B1AA4847AD3298 /* Frameworks */,
			);
			sourceTree = "<group>";
		};
		B156555F24F70E8D00FEAA70 /* Products */ = {
			isa = PBXGroup;
			children = (
				B156555E24F70E8D00FEAA70 /* Iris.app */,
				B156557424F70E9100FEAA70 /* FriendsCardTests.xctest */,
				B156557F24F70E9100FEAA70 /* FriendsCardUITests.xctest */,
			);
			name = Products;
			sourceTree = "<group>";
		};
		B156557724F70E9100FEAA70 /* FriendsCardTests */ = {
			isa = PBXGroup;
			children = (
				B156557824F70E9100FEAA70 /* FriendsCardTests.swift */,
				B156557A24F70E9100FEAA70 /* Info.plist */,
			);
			path = FriendsCardTests;
			sourceTree = "<group>";
		};
		B156558224F70E9100FEAA70 /* FriendsCardUITests */ = {
			isa = PBXGroup;
			children = (
				B156558324F70E9100FEAA70 /* FriendsCardUITests.swift */,
				B156558524F70E9100FEAA70 /* Info.plist */,
			);
			path = FriendsCardUITests;
			sourceTree = "<group>";
		};
		B1BA450524FB84E200E14C27 /* FriendsCard */ = {
			isa = PBXGroup;
			children = (
				B1BA450624FB84E200E14C27 /* Retina */,
				B1BA452D24FB84E200E14C27 /* Assets.xcassets */,
				B1BA452F24FB84E200E14C27 /* Preview Content */,
				B1BA453124FB84E200E14C27 /* LaunchScreen.storyboard */,
				B1BA453924FB84E200E14C27 /* AppDelegate.swift */,
				B1BA453D24FB84E200E14C27 /* SceneDelegate.swift */,
				B151A27B250984FF00534657 /* RootView.swift */,
				B1D0978A2505BFA90048286B /* PhoneNumberView.swift */,
				B1BA452E24FB84E200E14C27 /* HomeView.swift */,
				B1BA453B24FB84E200E14C27 /* PermissionsView.swift */,
				B1BA453324FB84E200E14C27 /* ChooseCloseFriends.swift */,
				B1BA453724FB84E200E14C27 /* Card One */,
				B1BA453424FB84E200E14C27 /* Card Two */,
				B151A280250A4FBA00534657 /* Card Three */,
				B151A281250A4FBF00534657 /* Card Four */,
				B151A282250A4FC500534657 /* Card Five */,
				B1BA453C24FB84E200E14C27 /* Info.plist */,
				B17632942500A8F00074922F /* Observers.swift */,
				B17632962501FA450074922F /* ContactStore.swift */,
				B1BA453A24FB84E200E14C27 /* GoogleDelegate.swift */,
			);
			path = FriendsCard;
			sourceTree = "<group>";
		};
		B1BA450624FB84E200E14C27 /* Retina */ = {
			isa = PBXGroup;
			children = (
				B1BA450724FB84E200E14C27 /* Cells */,
				B1BA450C24FB84E200E14C27 /* Animation */,
				B1BA451024FB84E200E14C27 /* Fields */,
				B1BA451824FB84E200E14C27 /* Views */,
				B1BA451A24FB84E200E14C27 /* Tokens */,
			);
			path = Retina;
			sourceTree = "<group>";
		};
		B1BA450724FB84E200E14C27 /* Cells */ = {
			isa = PBXGroup;
			children = (
				B1BA450924FB84E200E14C27 /* SelectionCell.swift */,
				B1BA450824FB84E200E14C27 /* LeaderCell.swift */,
				B1BA450B24FB84E200E14C27 /* InviteCell.swift */,
				B151A2762508F8FB00534657 /* ClassCells.swift */,
				B1BA450A24FB84E200E14C27 /* StatusCell.swift */,
				B1BA456A24FBBFDF00E14C27 /* ReminderCell.swift */,
				B151A27E250A036C00534657 /* PollCell.swift */,
				B1810D932514587C0060E001 /* BroadcastCell.swift */,
			);
			path = Cells;
			sourceTree = "<group>";
		};
		B1BA450C24FB84E200E14C27 /* Animation */ = {
			isa = PBXGroup;
			children = (
				B1BA450D24FB84E200E14C27 /* loading.json */,
				B1BA450E24FB84E200E14C27 /* LottieView.swift */,
				B1BA450F24FB84E200E14C27 /* LoadingView.swift */,
			);
			path = Animation;
			sourceTree = "<group>";
		};
		B1BA451024FB84E200E14C27 /* Fields */ = {
			isa = PBXGroup;
			children = (
				B1BA451124FB84E200E14C27 /* TextFields.swift */,
				B1BA451224FB84E200E14C27 /* Buttons.swift */,
				B1BA451324FB84E200E14C27 /* Toggles.swift */,
				B1BA451424FB84E200E14C27 /* Images.swift */,
				B1BA451524FB84E200E14C27 /* HorizontalLabel.swift */,
				B1BA451624FB84E200E14C27 /* Banner.swift */,
				B1BA451724FB84E200E14C27 /* Search.swift */,
				B151A2732508F60700534657 /* Badge.swift */,
			);
			path = Fields;
			sourceTree = "<group>";
		};
		B1BA451824FB84E200E14C27 /* Views */ = {
			isa = PBXGroup;
			children = (
				B1BA451924FB84E200E14C27 /* TopNavigationView.swift */,
				B151A2782508FCD800534657 /* BottomNavigationView.swift */,
			);
			path = Views;
			sourceTree = "<group>";
		};
		B1BA451A24FB84E200E14C27 /* Tokens */ = {
			isa = PBXGroup;
			children = (
				B1BA451B24FB84E200E14C27 /* Typography.swift */,
				B1BA451C24FB84E200E14C27 /* Space.swift */,
				B1BA451D24FB84E200E14C27 /* Palette.swift */,
				B1BA451E24FB84E200E14C27 /* ColorPalette.xcassets */,
				B1BA451F24FB84E200E14C27 /* Extensions.swift */,
				B1BA452024FB84E200E14C27 /* Extensions */,
				B1BA452124FB84E200E14C27 /* Gradient.swift */,
				B1BA452224FB84E200E14C27 /* Devices.swift */,
				B1BA452324FB84E200E14C27 /* Fonts */,
				B1BA452C24FB84E200E14C27 /* CornerRadius.swift */,
			);
			path = Tokens;
			sourceTree = "<group>";
		};
		B1BA452024FB84E200E14C27 /* Extensions */ = {
			isa = PBXGroup;
			children = (
			);
			path = Extensions;
			sourceTree = "<group>";
		};
		B1BA452324FB84E200E14C27 /* Fonts */ = {
			isa = PBXGroup;
			children = (
				B1BA452424FB84E200E14C27 /* DMSans-Regular.ttf */,
				B1BA452524FB84E200E14C27 /* DMSans-Medium.ttf */,
				B1BA452624FB84E200E14C27 /* DMSans-Bold.ttf */,
				B1BA452724FB84E200E14C27 /* DMSerifDisplay-Italic.ttf */,
				B1BA452824FB84E200E14C27 /* DMSans-BoldItalic.ttf */,
				B1BA452924FB84E200E14C27 /* DMSerifDisplay-Regular.ttf */,
				B1BA452A24FB84E200E14C27 /* DMSans-MediumItalic.ttf */,
				B1BA452B24FB84E200E14C27 /* DMSans-Italic.ttf */,
			);
			path = Fonts;
			sourceTree = "<group>";
		};
		B1BA452F24FB84E200E14C27 /* Preview Content */ = {
			isa = PBXGroup;
			children = (
				B1BA453024FB84E200E14C27 /* Preview Assets.xcassets */,
			);
			path = "Preview Content";
			sourceTree = "<group>";
		};
		B1BA453424FB84E200E14C27 /* Card Two */ = {
			isa = PBXGroup;
			children = (
				B1BA453524FB84E200E14C27 /* ReminderView.swift */,
				B1BA453624FB84E200E14C27 /* ActivityView.swift */,
			);
			path = "Card Two";
			sourceTree = "<group>";
		};
		B1BA453724FB84E200E14C27 /* Card One */ = {
			isa = PBXGroup;
			children = (
				B1BA453824FB84E200E14C27 /* CloseFriends.swift */,
			);
			path = "Card One";
			sourceTree = "<group>";
		};
		B201DF89150885B7561AFA30 /* Pods */ = {
			isa = PBXGroup;
			children = (
				5EED5B784AFA4106B8AE80A7 /* Pods-FriendsCard.debug.xcconfig */,
				CF863636E974E6E60439B531 /* Pods-FriendsCard.release.xcconfig */,
				C339F67A235F10B722FC4E01 /* Pods-FriendsCard-FriendsCardUITests.debug.xcconfig */,
				7ED19E6EC5DF82F6E55198DE /* Pods-FriendsCard-FriendsCardUITests.release.xcconfig */,
				3184AF450FD6D67262145604 /* Pods-FriendsCardTests.debug.xcconfig */,
				A1F23F3629F2C31C4DC008B7 /* Pods-FriendsCardTests.release.xcconfig */,
			);
			path = Pods;
			sourceTree = "<group>";
		};
/* End PBXGroup section */

/* Begin PBXNativeTarget section */
		B156555D24F70E8D00FEAA70 /* FriendsCard */ = {
			isa = PBXNativeTarget;
			buildConfigurationList = B156558824F70E9100FEAA70 /* Build configuration list for PBXNativeTarget "FriendsCard" */;
			buildPhases = (
				D203D60656C7F97E6748F65F /* [CP] Check Pods Manifest.lock */,
				B156555A24F70E8D00FEAA70 /* Sources */,
				B156555B24F70E8D00FEAA70 /* Frameworks */,
				B156555C24F70E8D00FEAA70 /* Resources */,
				853C83DA875B4868BAE54A34 /* [CP] Embed Pods Frameworks */,
				AB53379B956BC2E53A6E4689 /* [CP] Copy Pods Resources */,
			);
			buildRules = (
			);
			dependencies = (
			);
			name = FriendsCard;
			packageProductDependencies = (
				B1224BCB24F9BF8E00B9FBE8 /* Lottie */,
				B1224BCE24F9BFFA00B9FBE8 /* URLImage */,
				B1224BD124F9C51B00B9FBE8 /* Alamofire */,
				B1224BD424F9C55600B9FBE8 /* SwiftyJSON */,
				B120E6B6250752CA00CBB2CE /* NavigationStack */,
			);
			productName = FriendsCard;
			productReference = B156555E24F70E8D00FEAA70 /* Iris.app */;
			productType = "com.apple.product-type.application";
		};
		B156557324F70E9100FEAA70 /* FriendsCardTests */ = {
			isa = PBXNativeTarget;
			buildConfigurationList = B156558B24F70E9100FEAA70 /* Build configuration list for PBXNativeTarget "FriendsCardTests" */;
			buildPhases = (
				F8C3AE73FE11D3FA8DA9084E /* [CP] Check Pods Manifest.lock */,
				B156557024F70E9100FEAA70 /* Sources */,
				B156557124F70E9100FEAA70 /* Frameworks */,
				B156557224F70E9100FEAA70 /* Resources */,
			);
			buildRules = (
			);
			dependencies = (
				B156557624F70E9100FEAA70 /* PBXTargetDependency */,
			);
			name = FriendsCardTests;
			productName = FriendsCardTests;
			productReference = B156557424F70E9100FEAA70 /* FriendsCardTests.xctest */;
			productType = "com.apple.product-type.bundle.unit-test";
		};
		B156557E24F70E9100FEAA70 /* FriendsCardUITests */ = {
			isa = PBXNativeTarget;
			buildConfigurationList = B156558E24F70E9100FEAA70 /* Build configuration list for PBXNativeTarget "FriendsCardUITests" */;
			buildPhases = (
				29EE62EE46E4DE4CCD668EDF /* [CP] Check Pods Manifest.lock */,
				B156557B24F70E9100FEAA70 /* Sources */,
				B156557C24F70E9100FEAA70 /* Frameworks */,
				B156557D24F70E9100FEAA70 /* Resources */,
				04E498D01E27DCBEA4AE6A59 /* [CP] Embed Pods Frameworks */,
				594710AE32E252B8AE9A6F9C /* [CP] Copy Pods Resources */,
			);
			buildRules = (
			);
			dependencies = (
				B156558124F70E9100FEAA70 /* PBXTargetDependency */,
			);
			name = FriendsCardUITests;
			productName = FriendsCardUITests;
			productReference = B156557F24F70E9100FEAA70 /* FriendsCardUITests.xctest */;
			productType = "com.apple.product-type.bundle.ui-testing";
		};
/* End PBXNativeTarget section */

/* Begin PBXProject section */
		B156555624F70E8D00FEAA70 /* Project object */ = {
			isa = PBXProject;
			attributes = {
				LastSwiftUpdateCheck = 1150;
				LastUpgradeCheck = 1150;
				ORGANIZATIONNAME = Shalin;
				TargetAttributes = {
					B156555D24F70E8D00FEAA70 = {
						CreatedOnToolsVersion = 11.5;
					};
					B156557324F70E9100FEAA70 = {
						CreatedOnToolsVersion = 11.5;
						TestTargetID = B156555D24F70E8D00FEAA70;
					};
					B156557E24F70E9100FEAA70 = {
						CreatedOnToolsVersion = 11.5;
						TestTargetID = B156555D24F70E8D00FEAA70;
					};
				};
			};
			buildConfigurationList = B156555924F70E8D00FEAA70 /* Build configuration list for PBXProject "FriendsCard" */;
			compatibilityVersion = "Xcode 9.3";
			developmentRegion = en;
			hasScannedForEncodings = 0;
			knownRegions = (
				en,
				Base,
			);
			mainGroup = B156555524F70E8D00FEAA70;
			packageReferences = (
				B1224BCA24F9BF8E00B9FBE8 /* XCRemoteSwiftPackageReference "lottie-ios" */,
				B1224BCD24F9BFFA00B9FBE8 /* XCRemoteSwiftPackageReference "url-image" */,
				B1224BD024F9C51A00B9FBE8 /* XCRemoteSwiftPackageReference "Alamofire" */,
				B1224BD324F9C55600B9FBE8 /* XCRemoteSwiftPackageReference "SwiftyJSON" */,
				B120E6B5250752CA00CBB2CE /* XCRemoteSwiftPackageReference "swiftui-navigation-stack" */,
			);
			productRefGroup = B156555F24F70E8D00FEAA70 /* Products */;
			projectDirPath = "";
			projectRoot = "";
			targets = (
				B156555D24F70E8D00FEAA70 /* FriendsCard */,
				B156557324F70E9100FEAA70 /* FriendsCardTests */,
				B156557E24F70E9100FEAA70 /* FriendsCardUITests */,
			);
		};
/* End PBXProject section */

/* Begin PBXResourcesBuildPhase section */
		B156555C24F70E8D00FEAA70 /* Resources */ = {
			isa = PBXResourcesBuildPhase;
			buildActionMask = 2147483647;
			files = (
				B1BA455724FB84E200E14C27 /* DMSerifDisplay-Italic.ttf in Resources */,
				B1BA455424FB84E200E14C27 /* DMSans-Regular.ttf in Resources */,
				B1BA455D24FB84E200E14C27 /* Assets.xcassets in Resources */,
				B1BA455B24FB84E200E14C27 /* DMSans-Italic.ttf in Resources */,
				B1BA455F24FB84E200E14C27 /* Preview Assets.xcassets in Resources */,
				B1BA455824FB84E200E14C27 /* DMSans-BoldItalic.ttf in Resources */,
				B1BA455A24FB84E200E14C27 /* DMSans-MediumItalic.ttf in Resources */,
				B1BA456024FB84E200E14C27 /* LaunchScreen.storyboard in Resources */,
				B1BA455624FB84E200E14C27 /* DMSans-Bold.ttf in Resources */,
				B1BA455524FB84E200E14C27 /* DMSans-Medium.ttf in Resources */,
				B1BA455924FB84E200E14C27 /* DMSerifDisplay-Regular.ttf in Resources */,
				B1BA454224FB84E200E14C27 /* loading.json in Resources */,
				B1BA455024FB84E200E14C27 /* ColorPalette.xcassets in Resources */,
			);
			runOnlyForDeploymentPostprocessing = 0;
		};
		B156557224F70E9100FEAA70 /* Resources */ = {
			isa = PBXResourcesBuildPhase;
			buildActionMask = 2147483647;
			files = (
			);
			runOnlyForDeploymentPostprocessing = 0;
		};
		B156557D24F70E9100FEAA70 /* Resources */ = {
			isa = PBXResourcesBuildPhase;
			buildActionMask = 2147483647;
			files = (
			);
			runOnlyForDeploymentPostprocessing = 0;
		};
/* End PBXResourcesBuildPhase section */

/* Begin PBXShellScriptBuildPhase section */
		04E498D01E27DCBEA4AE6A59 /* [CP] Embed Pods Frameworks */ = {
			isa = PBXShellScriptBuildPhase;
			buildActionMask = 2147483647;
			files = (
			);
			inputFileListPaths = (
				"${PODS_ROOT}/Target Support Files/Pods-FriendsCard-FriendsCardUITests/Pods-FriendsCard-FriendsCardUITests-frameworks-${CONFIGURATION}-input-files.xcfilelist",
			);
			name = "[CP] Embed Pods Frameworks";
			outputFileListPaths = (
				"${PODS_ROOT}/Target Support Files/Pods-FriendsCard-FriendsCardUITests/Pods-FriendsCard-FriendsCardUITests-frameworks-${CONFIGURATION}-output-files.xcfilelist",
			);
			runOnlyForDeploymentPostprocessing = 0;
			shellPath = /bin/sh;
			shellScript = "\"${PODS_ROOT}/Target Support Files/Pods-FriendsCard-FriendsCardUITests/Pods-FriendsCard-FriendsCardUITests-frameworks.sh\"\n";
			showEnvVarsInLog = 0;
		};
		29EE62EE46E4DE4CCD668EDF /* [CP] Check Pods Manifest.lock */ = {
			isa = PBXShellScriptBuildPhase;
			buildActionMask = 2147483647;
			files = (
			);
			inputFileListPaths = (
			);
			inputPaths = (
				"${PODS_PODFILE_DIR_PATH}/Podfile.lock",
				"${PODS_ROOT}/Manifest.lock",
			);
			name = "[CP] Check Pods Manifest.lock";
			outputFileListPaths = (
			);
			outputPaths = (
				"$(DERIVED_FILE_DIR)/Pods-FriendsCard-FriendsCardUITests-checkManifestLockResult.txt",
			);
			runOnlyForDeploymentPostprocessing = 0;
			shellPath = /bin/sh;
			shellScript = "diff \"${PODS_PODFILE_DIR_PATH}/Podfile.lock\" \"${PODS_ROOT}/Manifest.lock\" > /dev/null\nif [ $? != 0 ] ; then\n    # print error to STDERR\n    echo \"error: The sandbox is not in sync with the Podfile.lock. Run 'pod install' or update your CocoaPods installation.\" >&2\n    exit 1\nfi\n# This output is used by Xcode 'outputs' to avoid re-running this script phase.\necho \"SUCCESS\" > \"${SCRIPT_OUTPUT_FILE_0}\"\n";
			showEnvVarsInLog = 0;
		};
		594710AE32E252B8AE9A6F9C /* [CP] Copy Pods Resources */ = {
			isa = PBXShellScriptBuildPhase;
			buildActionMask = 2147483647;
			files = (
			);
			inputFileListPaths = (
				"${PODS_ROOT}/Target Support Files/Pods-FriendsCard-FriendsCardUITests/Pods-FriendsCard-FriendsCardUITests-resources-${CONFIGURATION}-input-files.xcfilelist",
			);
			name = "[CP] Copy Pods Resources";
			outputFileListPaths = (
				"${PODS_ROOT}/Target Support Files/Pods-FriendsCard-FriendsCardUITests/Pods-FriendsCard-FriendsCardUITests-resources-${CONFIGURATION}-output-files.xcfilelist",
			);
			runOnlyForDeploymentPostprocessing = 0;
			shellPath = /bin/sh;
			shellScript = "\"${PODS_ROOT}/Target Support Files/Pods-FriendsCard-FriendsCardUITests/Pods-FriendsCard-FriendsCardUITests-resources.sh\"\n";
			showEnvVarsInLog = 0;
		};
		853C83DA875B4868BAE54A34 /* [CP] Embed Pods Frameworks */ = {
			isa = PBXShellScriptBuildPhase;
			buildActionMask = 2147483647;
			files = (
			);
			inputFileListPaths = (
				"${PODS_ROOT}/Target Support Files/Pods-FriendsCard/Pods-FriendsCard-frameworks-${CONFIGURATION}-input-files.xcfilelist",
			);
			name = "[CP] Embed Pods Frameworks";
			outputFileListPaths = (
				"${PODS_ROOT}/Target Support Files/Pods-FriendsCard/Pods-FriendsCard-frameworks-${CONFIGURATION}-output-files.xcfilelist",
			);
			runOnlyForDeploymentPostprocessing = 0;
			shellPath = /bin/sh;
			shellScript = "\"${PODS_ROOT}/Target Support Files/Pods-FriendsCard/Pods-FriendsCard-frameworks.sh\"\n";
			showEnvVarsInLog = 0;
		};
		AB53379B956BC2E53A6E4689 /* [CP] Copy Pods Resources */ = {
			isa = PBXShellScriptBuildPhase;
			buildActionMask = 2147483647;
			files = (
			);
			inputFileListPaths = (
				"${PODS_ROOT}/Target Support Files/Pods-FriendsCard/Pods-FriendsCard-resources-${CONFIGURATION}-input-files.xcfilelist",
			);
			name = "[CP] Copy Pods Resources";
			outputFileListPaths = (
				"${PODS_ROOT}/Target Support Files/Pods-FriendsCard/Pods-FriendsCard-resources-${CONFIGURATION}-output-files.xcfilelist",
			);
			runOnlyForDeploymentPostprocessing = 0;
			shellPath = /bin/sh;
			shellScript = "\"${PODS_ROOT}/Target Support Files/Pods-FriendsCard/Pods-FriendsCard-resources.sh\"\n";
			showEnvVarsInLog = 0;
		};
		D203D60656C7F97E6748F65F /* [CP] Check Pods Manifest.lock */ = {
			isa = PBXShellScriptBuildPhase;
			buildActionMask = 2147483647;
			files = (
			);
			inputFileListPaths = (
			);
			inputPaths = (
				"${PODS_PODFILE_DIR_PATH}/Podfile.lock",
				"${PODS_ROOT}/Manifest.lock",
			);
			name = "[CP] Check Pods Manifest.lock";
			outputFileListPaths = (
			);
			outputPaths = (
				"$(DERIVED_FILE_DIR)/Pods-FriendsCard-checkManifestLockResult.txt",
			);
			runOnlyForDeploymentPostprocessing = 0;
			shellPath = /bin/sh;
			shellScript = "diff \"${PODS_PODFILE_DIR_PATH}/Podfile.lock\" \"${PODS_ROOT}/Manifest.lock\" > /dev/null\nif [ $? != 0 ] ; then\n    # print error to STDERR\n    echo \"error: The sandbox is not in sync with the Podfile.lock. Run 'pod install' or update your CocoaPods installation.\" >&2\n    exit 1\nfi\n# This output is used by Xcode 'outputs' to avoid re-running this script phase.\necho \"SUCCESS\" > \"${SCRIPT_OUTPUT_FILE_0}\"\n";
			showEnvVarsInLog = 0;
		};
		F8C3AE73FE11D3FA8DA9084E /* [CP] Check Pods Manifest.lock */ = {
			isa = PBXShellScriptBuildPhase;
			buildActionMask = 2147483647;
			files = (
			);
			inputFileListPaths = (
			);
			inputPaths = (
				"${PODS_PODFILE_DIR_PATH}/Podfile.lock",
				"${PODS_ROOT}/Manifest.lock",
			);
			name = "[CP] Check Pods Manifest.lock";
			outputFileListPaths = (
			);
			outputPaths = (
				"$(DERIVED_FILE_DIR)/Pods-FriendsCardTests-checkManifestLockResult.txt",
			);
			runOnlyForDeploymentPostprocessing = 0;
			shellPath = /bin/sh;
			shellScript = "diff \"${PODS_PODFILE_DIR_PATH}/Podfile.lock\" \"${PODS_ROOT}/Manifest.lock\" > /dev/null\nif [ $? != 0 ] ; then\n    # print error to STDERR\n    echo \"error: The sandbox is not in sync with the Podfile.lock. Run 'pod install' or update your CocoaPods installation.\" >&2\n    exit 1\nfi\n# This output is used by Xcode 'outputs' to avoid re-running this script phase.\necho \"SUCCESS\" > \"${SCRIPT_OUTPUT_FILE_0}\"\n";
			showEnvVarsInLog = 0;
		};
/* End PBXShellScriptBuildPhase section */

/* Begin PBXSourcesBuildPhase section */
		B156555A24F70E8D00FEAA70 /* Sources */ = {
			isa = PBXSourcesBuildPhase;
			buildActionMask = 2147483647;
			files = (
				B1BA454F24FB84E200E14C27 /* Palette.swift in Sources */,
				B1BA455124FB84E200E14C27 /* Extensions.swift in Sources */,
				B1810D8D2514230E0060E001 /* CollaborationView.swift in Sources */,
				B1BA454B24FB84E200E14C27 /* Search.swift in Sources */,
				B1BA454724FB84E200E14C27 /* Toggles.swift in Sources */,
				B151A288250A5E6500534657 /* ProblemsView.swift in Sources */,
				B1BA456124FB84E200E14C27 /* ChooseCloseFriends.swift in Sources */,
				B17632952500A8F00074922F /* Observers.swift in Sources */,
				B151A27C250984FF00534657 /* RootView.swift in Sources */,
				B1BA456924FB84E200E14C27 /* SceneDelegate.swift in Sources */,
				B1BA454E24FB84E200E14C27 /* Space.swift in Sources */,
				B1BA455E24FB84E200E14C27 /* HomeView.swift in Sources */,
				B1BA455224FB84E200E14C27 /* Gradient.swift in Sources */,
				B1BA453F24FB84E200E14C27 /* SelectionCell.swift in Sources */,
				B1BA455324FB84E200E14C27 /* Devices.swift in Sources */,
				B1BA456B24FBBFDF00E14C27 /* ReminderCell.swift in Sources */,
				B1BA455C24FB84E200E14C27 /* CornerRadius.swift in Sources */,
				B1BA453E24FB84E200E14C27 /* LeaderCell.swift in Sources */,
				B1BA454C24FB84E200E14C27 /* TopNavigationView.swift in Sources */,
				B151A2772508F8FB00534657 /* ClassCells.swift in Sources */,
				B151A2792508FCD800534657 /* BottomNavigationView.swift in Sources */,
				B1810D92251423300060E001 /* AddTagsView.swift in Sources */,
				B151A27F250A036C00534657 /* PollCell.swift in Sources */,
				B1BA454924FB84E200E14C27 /* HorizontalLabel.swift in Sources */,
				B1D0978B2505BFA90048286B /* PhoneNumberView.swift in Sources */,
				B1BA456224FB84E200E14C27 /* ReminderView.swift in Sources */,
				B1BA456624FB84E200E14C27 /* GoogleDelegate.swift in Sources */,
				B17632972501FA450074922F /* ContactStore.swift in Sources */,
				B151A2742508F60700534657 /* Badge.swift in Sources */,
				B1BA454324FB84E200E14C27 /* LottieView.swift in Sources */,
				B1BA454A24FB84E200E14C27 /* Banner.swift in Sources */,
				B1BA454124FB84E200E14C27 /* InviteCell.swift in Sources */,
				B151A285250A500500534657 /* ClassesView.swift in Sources */,
				B1810D942514587C0060E001 /* BroadcastCell.swift in Sources */,
				B1BA456424FB84E200E14C27 /* CloseFriends.swift in Sources */,
				B1BA456324FB84E200E14C27 /* ActivityView.swift in Sources */,
				B17868C32511C534008D51C3 /* LecturesView.swift in Sources */,
				B1EE973825122DC200655F03 /* LecturePollsView.swift in Sources */,
				B1810D8F2514231D0060E001 /* SeePeopleView.swift in Sources */,
				B1BA454024FB84E200E14C27 /* StatusCell.swift in Sources */,
				B1BA456524FB84E200E14C27 /* AppDelegate.swift in Sources */,
				B1BA454D24FB84E200E14C27 /* Typography.swift in Sources */,
				B1BA454524FB84E200E14C27 /* TextFields.swift in Sources */,
				B1BA454824FB84E200E14C27 /* Images.swift in Sources */,
				B1BA456724FB84E200E14C27 /* PermissionsView.swift in Sources */,
				B1BA454424FB84E200E14C27 /* LoadingView.swift in Sources */,
				B1BA454624FB84E200E14C27 /* Buttons.swift in Sources */,
			);
			runOnlyForDeploymentPostprocessing = 0;
		};
		B156557024F70E9100FEAA70 /* Sources */ = {
			isa = PBXSourcesBuildPhase;
			buildActionMask = 2147483647;
			files = (
				B156557924F70E9100FEAA70 /* FriendsCardTests.swift in Sources */,
			);
			runOnlyForDeploymentPostprocessing = 0;
		};
		B156557B24F70E9100FEAA70 /* Sources */ = {
			isa = PBXSourcesBuildPhase;
			buildActionMask = 2147483647;
			files = (
				B156558424F70E9100FEAA70 /* FriendsCardUITests.swift in Sources */,
			);
			runOnlyForDeploymentPostprocessing = 0;
		};
/* End PBXSourcesBuildPhase section */

/* Begin PBXTargetDependency section */
		B156557624F70E9100FEAA70 /* PBXTargetDependency */ = {
			isa = PBXTargetDependency;
			target = B156555D24F70E8D00FEAA70 /* FriendsCard */;
			targetProxy = B156557524F70E9100FEAA70 /* PBXContainerItemProxy */;
		};
		B156558124F70E9100FEAA70 /* PBXTargetDependency */ = {
			isa = PBXTargetDependency;
			target = B156555D24F70E8D00FEAA70 /* FriendsCard */;
			targetProxy = B156558024F70E9100FEAA70 /* PBXContainerItemProxy */;
		};
/* End PBXTargetDependency section */

/* Begin PBXVariantGroup section */
		B1BA453124FB84E200E14C27 /* LaunchScreen.storyboard */ = {
			isa = PBXVariantGroup;
			children = (
				B1BA453224FB84E200E14C27 /* Base */,
			);
			name = LaunchScreen.storyboard;
			sourceTree = "<group>";
		};
/* End PBXVariantGroup section */

/* Begin XCBuildConfiguration section */
		B156558624F70E9100FEAA70 /* Debug */ = {
			isa = XCBuildConfiguration;
			buildSettings = {
				ALWAYS_SEARCH_USER_PATHS = NO;
				CLANG_ANALYZER_NONNULL = YES;
				CLANG_ANALYZER_NUMBER_OBJECT_CONVERSION = YES_AGGRESSIVE;
				CLANG_CXX_LANGUAGE_STANDARD = "gnu++14";
				CLANG_CXX_LIBRARY = "libc++";
				CLANG_ENABLE_MODULES = YES;
				CLANG_ENABLE_OBJC_ARC = YES;
				CLANG_ENABLE_OBJC_WEAK = YES;
				CLANG_WARN_BLOCK_CAPTURE_AUTORELEASING = YES;
				CLANG_WARN_BOOL_CONVERSION = YES;
				CLANG_WARN_COMMA = YES;
				CLANG_WARN_CONSTANT_CONVERSION = YES;
				CLANG_WARN_DEPRECATED_OBJC_IMPLEMENTATIONS = YES;
				CLANG_WARN_DIRECT_OBJC_ISA_USAGE = YES_ERROR;
				CLANG_WARN_DOCUMENTATION_COMMENTS = YES;
				CLANG_WARN_EMPTY_BODY = YES;
				CLANG_WARN_ENUM_CONVERSION = YES;
				CLANG_WARN_INFINITE_RECURSION = YES;
				CLANG_WARN_INT_CONVERSION = YES;
				CLANG_WARN_NON_LITERAL_NULL_CONVERSION = YES;
				CLANG_WARN_OBJC_IMPLICIT_RETAIN_SELF = YES;
				CLANG_WARN_OBJC_LITERAL_CONVERSION = YES;
				CLANG_WARN_OBJC_ROOT_CLASS = YES_ERROR;
				CLANG_WARN_RANGE_LOOP_ANALYSIS = YES;
				CLANG_WARN_STRICT_PROTOTYPES = YES;
				CLANG_WARN_SUSPICIOUS_MOVE = YES;
				CLANG_WARN_UNGUARDED_AVAILABILITY = YES_AGGRESSIVE;
				CLANG_WARN_UNREACHABLE_CODE = YES;
				CLANG_WARN__DUPLICATE_METHOD_MATCH = YES;
				COPY_PHASE_STRIP = NO;
				DEBUG_INFORMATION_FORMAT = dwarf;
				ENABLE_STRICT_OBJC_MSGSEND = YES;
				ENABLE_TESTABILITY = YES;
				GCC_C_LANGUAGE_STANDARD = gnu11;
				GCC_DYNAMIC_NO_PIC = NO;
				GCC_NO_COMMON_BLOCKS = YES;
				GCC_OPTIMIZATION_LEVEL = 0;
				GCC_PREPROCESSOR_DEFINITIONS = (
					"DEBUG=1",
					"$(inherited)",
				);
				GCC_WARN_64_TO_32_BIT_CONVERSION = YES;
				GCC_WARN_ABOUT_RETURN_TYPE = YES_ERROR;
				GCC_WARN_UNDECLARED_SELECTOR = YES;
				GCC_WARN_UNINITIALIZED_AUTOS = YES_AGGRESSIVE;
				GCC_WARN_UNUSED_FUNCTION = YES;
				GCC_WARN_UNUSED_VARIABLE = YES;
				IPHONEOS_DEPLOYMENT_TARGET = 13.0;
				MTL_ENABLE_DEBUG_INFO = INCLUDE_SOURCE;
				MTL_FAST_MATH = YES;
				ONLY_ACTIVE_ARCH = YES;
				SDKROOT = iphoneos;
				SWIFT_ACTIVE_COMPILATION_CONDITIONS = DEBUG;
				SWIFT_OPTIMIZATION_LEVEL = "-Onone";
			};
			name = Debug;
		};
		B156558724F70E9100FEAA70 /* Release */ = {
			isa = XCBuildConfiguration;
			buildSettings = {
				ALWAYS_SEARCH_USER_PATHS = NO;
				CLANG_ANALYZER_NONNULL = YES;
				CLANG_ANALYZER_NUMBER_OBJECT_CONVERSION = YES_AGGRESSIVE;
				CLANG_CXX_LANGUAGE_STANDARD = "gnu++14";
				CLANG_CXX_LIBRARY = "libc++";
				CLANG_ENABLE_MODULES = YES;
				CLANG_ENABLE_OBJC_ARC = YES;
				CLANG_ENABLE_OBJC_WEAK = YES;
				CLANG_WARN_BLOCK_CAPTURE_AUTORELEASING = YES;
				CLANG_WARN_BOOL_CONVERSION = YES;
				CLANG_WARN_COMMA = YES;
				CLANG_WARN_CONSTANT_CONVERSION = YES;
				CLANG_WARN_DEPRECATED_OBJC_IMPLEMENTATIONS = YES;
				CLANG_WARN_DIRECT_OBJC_ISA_USAGE = YES_ERROR;
				CLANG_WARN_DOCUMENTATION_COMMENTS = YES;
				CLANG_WARN_EMPTY_BODY = YES;
				CLANG_WARN_ENUM_CONVERSION = YES;
				CLANG_WARN_INFINITE_RECURSION = YES;
				CLANG_WARN_INT_CONVERSION = YES;
				CLANG_WARN_NON_LITERAL_NULL_CONVERSION = YES;
				CLANG_WARN_OBJC_IMPLICIT_RETAIN_SELF = YES;
				CLANG_WARN_OBJC_LITERAL_CONVERSION = YES;
				CLANG_WARN_OBJC_ROOT_CLASS = YES_ERROR;
				CLANG_WARN_RANGE_LOOP_ANALYSIS = YES;
				CLANG_WARN_STRICT_PROTOTYPES = YES;
				CLANG_WARN_SUSPICIOUS_MOVE = YES;
				CLANG_WARN_UNGUARDED_AVAILABILITY = YES_AGGRESSIVE;
				CLANG_WARN_UNREACHABLE_CODE = YES;
				CLANG_WARN__DUPLICATE_METHOD_MATCH = YES;
				COPY_PHASE_STRIP = NO;
				DEBUG_INFORMATION_FORMAT = "dwarf-with-dsym";
				ENABLE_NS_ASSERTIONS = NO;
				ENABLE_STRICT_OBJC_MSGSEND = YES;
				GCC_C_LANGUAGE_STANDARD = gnu11;
				GCC_NO_COMMON_BLOCKS = YES;
				GCC_WARN_64_TO_32_BIT_CONVERSION = YES;
				GCC_WARN_ABOUT_RETURN_TYPE = YES_ERROR;
				GCC_WARN_UNDECLARED_SELECTOR = YES;
				GCC_WARN_UNINITIALIZED_AUTOS = YES_AGGRESSIVE;
				GCC_WARN_UNUSED_FUNCTION = YES;
				GCC_WARN_UNUSED_VARIABLE = YES;
				IPHONEOS_DEPLOYMENT_TARGET = 13.0;
				MTL_ENABLE_DEBUG_INFO = NO;
				MTL_FAST_MATH = YES;
				SDKROOT = iphoneos;
				SWIFT_COMPILATION_MODE = wholemodule;
				SWIFT_OPTIMIZATION_LEVEL = "-O";
				VALIDATE_PRODUCT = YES;
			};
			name = Release;
		};
		B156558924F70E9100FEAA70 /* Debug */ = {
			isa = XCBuildConfiguration;
			baseConfigurationReference = 5EED5B784AFA4106B8AE80A7 /* Pods-FriendsCard.debug.xcconfig */;
			buildSettings = {
				ASSETCATALOG_COMPILER_APPICON_NAME = AppIcon;
				CODE_SIGN_STYLE = Automatic;
				CURRENT_PROJECT_VERSION = 13;
				DEVELOPMENT_ASSET_PATHS = "\"FriendsCard/Preview Content\"";
				DEVELOPMENT_TEAM = GQ254GL522;
				ENABLE_PREVIEWS = YES;
				INFOPLIST_FILE = FriendsCard/Info.plist;
				IPHONEOS_DEPLOYMENT_TARGET = 13.0;
				LD_RUNPATH_SEARCH_PATHS = (
					"$(inherited)",
					"@executable_path/Frameworks",
				);
				PRODUCT_BUNDLE_IDENTIFIER = com.shalinshah.iris.FriendsCard;
				PRODUCT_NAME = Iris;
				SWIFT_VERSION = 5.0;
				TARGETED_DEVICE_FAMILY = 1;
			};
			name = Debug;
		};
		B156558A24F70E9100FEAA70 /* Release */ = {
			isa = XCBuildConfiguration;
			baseConfigurationReference = CF863636E974E6E60439B531 /* Pods-FriendsCard.release.xcconfig */;
			buildSettings = {
				ASSETCATALOG_COMPILER_APPICON_NAME = AppIcon;
				CODE_SIGN_STYLE = Automatic;
				CURRENT_PROJECT_VERSION = 13;
				DEVELOPMENT_ASSET_PATHS = "\"FriendsCard/Preview Content\"";
				DEVELOPMENT_TEAM = GQ254GL522;
				ENABLE_PREVIEWS = YES;
				INFOPLIST_FILE = FriendsCard/Info.plist;
				IPHONEOS_DEPLOYMENT_TARGET = 13.0;
				LD_RUNPATH_SEARCH_PATHS = (
					"$(inherited)",
					"@executable_path/Frameworks",
				);
				PRODUCT_BUNDLE_IDENTIFIER = com.shalinshah.iris.FriendsCard;
				PRODUCT_NAME = Iris;
				SWIFT_VERSION = 5.0;
				TARGETED_DEVICE_FAMILY = 1;
			};
			name = Release;
		};
		B156558C24F70E9100FEAA70 /* Debug */ = {
			isa = XCBuildConfiguration;
			baseConfigurationReference = 3184AF450FD6D67262145604 /* Pods-FriendsCardTests.debug.xcconfig */;
			buildSettings = {
				ALWAYS_EMBED_SWIFT_STANDARD_LIBRARIES = YES;
				BUNDLE_LOADER = "$(TEST_HOST)";
				CODE_SIGN_STYLE = Automatic;
				DEVELOPMENT_TEAM = GQ254GL522;
				INFOPLIST_FILE = FriendsCardTests/Info.plist;
				IPHONEOS_DEPLOYMENT_TARGET = 13.5;
				LD_RUNPATH_SEARCH_PATHS = (
					"$(inherited)",
					"@executable_path/Frameworks",
					"@loader_path/Frameworks",
				);
				PRODUCT_BUNDLE_IDENTIFIER = com.shalinshah.iris.FriendsCardTests;
				PRODUCT_NAME = "$(TARGET_NAME)";
				SWIFT_VERSION = 5.0;
				TARGETED_DEVICE_FAMILY = "1,2";
				TEST_HOST = "$(BUILT_PRODUCTS_DIR)/FriendsCard.app/FriendsCard";
			};
			name = Debug;
		};
		B156558D24F70E9100FEAA70 /* Release */ = {
			isa = XCBuildConfiguration;
			baseConfigurationReference = A1F23F3629F2C31C4DC008B7 /* Pods-FriendsCardTests.release.xcconfig */;
			buildSettings = {
				ALWAYS_EMBED_SWIFT_STANDARD_LIBRARIES = YES;
				BUNDLE_LOADER = "$(TEST_HOST)";
				CODE_SIGN_STYLE = Automatic;
				DEVELOPMENT_TEAM = GQ254GL522;
				INFOPLIST_FILE = FriendsCardTests/Info.plist;
				IPHONEOS_DEPLOYMENT_TARGET = 13.5;
				LD_RUNPATH_SEARCH_PATHS = (
					"$(inherited)",
					"@executable_path/Frameworks",
					"@loader_path/Frameworks",
				);
				PRODUCT_BUNDLE_IDENTIFIER = com.shalinshah.iris.FriendsCardTests;
				PRODUCT_NAME = "$(TARGET_NAME)";
				SWIFT_VERSION = 5.0;
				TARGETED_DEVICE_FAMILY = "1,2";
				TEST_HOST = "$(BUILT_PRODUCTS_DIR)/FriendsCard.app/FriendsCard";
			};
			name = Release;
		};
		B156558F24F70E9100FEAA70 /* Debug */ = {
			isa = XCBuildConfiguration;
			baseConfigurationReference = C339F67A235F10B722FC4E01 /* Pods-FriendsCard-FriendsCardUITests.debug.xcconfig */;
			buildSettings = {
				ALWAYS_EMBED_SWIFT_STANDARD_LIBRARIES = YES;
				CODE_SIGN_STYLE = Automatic;
				DEVELOPMENT_TEAM = GQ254GL522;
				INFOPLIST_FILE = FriendsCardUITests/Info.plist;
				LD_RUNPATH_SEARCH_PATHS = (
					"$(inherited)",
					"@executable_path/Frameworks",
					"@loader_path/Frameworks",
				);
				PRODUCT_BUNDLE_IDENTIFIER = com.shalinshah.iris.FriendsCardUITests;
				PRODUCT_NAME = "$(TARGET_NAME)";
				SWIFT_VERSION = 5.0;
				TARGETED_DEVICE_FAMILY = "1,2";
				TEST_TARGET_NAME = FriendsCard;
			};
			name = Debug;
		};
		B156559024F70E9100FEAA70 /* Release */ = {
			isa = XCBuildConfiguration;
			baseConfigurationReference = 7ED19E6EC5DF82F6E55198DE /* Pods-FriendsCard-FriendsCardUITests.release.xcconfig */;
			buildSettings = {
				ALWAYS_EMBED_SWIFT_STANDARD_LIBRARIES = YES;
				CODE_SIGN_STYLE = Automatic;
				DEVELOPMENT_TEAM = GQ254GL522;
				INFOPLIST_FILE = FriendsCardUITests/Info.plist;
				LD_RUNPATH_SEARCH_PATHS = (
					"$(inherited)",
					"@executable_path/Frameworks",
					"@loader_path/Frameworks",
				);
				PRODUCT_BUNDLE_IDENTIFIER = com.shalinshah.iris.FriendsCardUITests;
				PRODUCT_NAME = "$(TARGET_NAME)";
				SWIFT_VERSION = 5.0;
				TARGETED_DEVICE_FAMILY = "1,2";
				TEST_TARGET_NAME = FriendsCard;
			};
			name = Release;
		};
/* End XCBuildConfiguration section */

/* Begin XCConfigurationList section */
		B156555924F70E8D00FEAA70 /* Build configuration list for PBXProject "FriendsCard" */ = {
			isa = XCConfigurationList;
			buildConfigurations = (
				B156558624F70E9100FEAA70 /* Debug */,
				B156558724F70E9100FEAA70 /* Release */,
			);
			defaultConfigurationIsVisible = 0;
			defaultConfigurationName = Release;
		};
		B156558824F70E9100FEAA70 /* Build configuration list for PBXNativeTarget "FriendsCard" */ = {
			isa = XCConfigurationList;
			buildConfigurations = (
				B156558924F70E9100FEAA70 /* Debug */,
				B156558A24F70E9100FEAA70 /* Release */,
			);
			defaultConfigurationIsVisible = 0;
			defaultConfigurationName = Release;
		};
		B156558B24F70E9100FEAA70 /* Build configuration list for PBXNativeTarget "FriendsCardTests" */ = {
			isa = XCConfigurationList;
			buildConfigurations = (
				B156558C24F70E9100FEAA70 /* Debug */,
				B156558D24F70E9100FEAA70 /* Release */,
			);
			defaultConfigurationIsVisible = 0;
			defaultConfigurationName = Release;
		};
		B156558E24F70E9100FEAA70 /* Build configuration list for PBXNativeTarget "FriendsCardUITests" */ = {
			isa = XCConfigurationList;
			buildConfigurations = (
				B156558F24F70E9100FEAA70 /* Debug */,
				B156559024F70E9100FEAA70 /* Release */,
			);
			defaultConfigurationIsVisible = 0;
			defaultConfigurationName = Release;
		};
/* End XCConfigurationList section */

/* Begin XCRemoteSwiftPackageReference section */
		B120E6B5250752CA00CBB2CE /* XCRemoteSwiftPackageReference "swiftui-navigation-stack" */ = {
			isa = XCRemoteSwiftPackageReference;
			repositoryURL = "https://github.com/biobeats/swiftui-navigation-stack.git";
			requirement = {
				kind = upToNextMajorVersion;
				minimumVersion = 0.1.0;
			};
		};
		B1224BCA24F9BF8E00B9FBE8 /* XCRemoteSwiftPackageReference "lottie-ios" */ = {
			isa = XCRemoteSwiftPackageReference;
			repositoryURL = "https://github.com/airbnb/lottie-ios.git";
			requirement = {
				kind = upToNextMajorVersion;
				minimumVersion = 3.1.8;
			};
		};
		B1224BCD24F9BFFA00B9FBE8 /* XCRemoteSwiftPackageReference "url-image" */ = {
			isa = XCRemoteSwiftPackageReference;
			repositoryURL = "https://github.com/dmytro-anokhin/url-image.git";
			requirement = {
				kind = upToNextMajorVersion;
				minimumVersion = 0.9.19;
			};
		};
		B1224BD024F9C51A00B9FBE8 /* XCRemoteSwiftPackageReference "Alamofire" */ = {
			isa = XCRemoteSwiftPackageReference;
			repositoryURL = "https://github.com/Alamofire/Alamofire.git";
			requirement = {
				kind = upToNextMajorVersion;
				minimumVersion = 5.2.2;
			};
		};
		B1224BD324F9C55600B9FBE8 /* XCRemoteSwiftPackageReference "SwiftyJSON" */ = {
			isa = XCRemoteSwiftPackageReference;
			repositoryURL = "https://github.com/SwiftyJSON/SwiftyJSON.git";
			requirement = {
				kind = upToNextMajorVersion;
				minimumVersion = 5.0.0;
			};
		};
/* End XCRemoteSwiftPackageReference section */

/* Begin XCSwiftPackageProductDependency section */
		B120E6B6250752CA00CBB2CE /* NavigationStack */ = {
			isa = XCSwiftPackageProductDependency;
			package = B120E6B5250752CA00CBB2CE /* XCRemoteSwiftPackageReference "swiftui-navigation-stack" */;
			productName = NavigationStack;
		};
		B1224BCB24F9BF8E00B9FBE8 /* Lottie */ = {
			isa = XCSwiftPackageProductDependency;
			package = B1224BCA24F9BF8E00B9FBE8 /* XCRemoteSwiftPackageReference "lottie-ios" */;
			productName = Lottie;
		};
		B1224BCE24F9BFFA00B9FBE8 /* URLImage */ = {
			isa = XCSwiftPackageProductDependency;
			package = B1224BCD24F9BFFA00B9FBE8 /* XCRemoteSwiftPackageReference "url-image" */;
			productName = URLImage;
		};
		B1224BD124F9C51B00B9FBE8 /* Alamofire */ = {
			isa = XCSwiftPackageProductDependency;
			package = B1224BD024F9C51A00B9FBE8 /* XCRemoteSwiftPackageReference "Alamofire" */;
			productName = Alamofire;
		};
		B1224BD424F9C55600B9FBE8 /* SwiftyJSON */ = {
			isa = XCSwiftPackageProductDependency;
			package = B1224BD324F9C55600B9FBE8 /* XCRemoteSwiftPackageReference "SwiftyJSON" */;
			productName = SwiftyJSON;
		};
/* End XCSwiftPackageProductDependency section */
	};
	rootObject = B156555624F70E8D00FEAA70 /* Project object */;
}
